Microsoft Visual Studio Solution File, Format Version 12.00
# Visual Studio Version 18
VisualStudioVersion = 18.0.11512.155
MinimumVisualStudioVersion = 10.0.40219.1
Project("{8BC9CEB8-8B4A-11D0-8D11-00A0C91BC942}") = "Glance.Contracts", "src\Glance.Contracts\Glance.Contracts.vcxproj", "{6640E098-67F4-45F8-9DBE-C71EF2FE6F22}"
EndProject
Project("{8BC9CEB8-8B4A-11D0-8D11-00A0C91BC942}") = "Glance.Core", "src\Glance.Core\Glance.Core.vcxproj", "{C983019A-36F7-4901-A188-1A3DB8BAEF8B}"
	ProjectSection(ProjectDependencies) = postProject
		{BCFDCDE8-47F0-4FD1-B120-A6D634EECE99} = {BCFDCDE8-47F0-4FD1-B120-A6D634EECE99}
	EndProjectSection
EndProject
Project("{8BC9CEB8-8B4A-11D0-8D11-00A0C91BC942}") = "Glance.DialogHook", "src\Glance.DialogHook\Glance.DialogHook.vcxproj", "{A4D28F61-59DA-45DA-B4F6-16C53B027E5C}"
EndProject
Project("{8BC9CEB8-8B4A-11D0-8D11-00A0C91BC942}") = "Glance.DialogHook32", "src\Glance.DialogHook\Glance.DialogHook32.vcxproj", "{9307B84C-F25C-4D52-BE2D-19437EBADCD8}"
EndProject
Project("{8BC9CEB8-8B4A-11D0-8D11-00A0C91BC942}") = "Glance.DialogBroker32", "src\Glance.DialogBroker32\Glance.DialogBroker32.vcxproj", "{BCFDCDE8-47F0-4FD1-B120-A6D634EECE99}"
	ProjectSection(ProjectDependencies) = postProject
		{9307B84C-F25C-4D52-BE2D-19437EBADCD8} = {9307B84C-F25C-4D52-BE2D-19437EBADCD8}
	EndProjectSection
EndProject
Project("{8BC9CEB8-8B4A-11D0-8D11-00A0C91BC942}") = "Glance.App", "src\Glance.App\Glance.App.vcxproj", "{6BDE157B-E23C-40D5-9EB3-437C5D8FFA74}"
EndProject
Project("{8BC9CEB8-8B4A-11D0-8D11-00A0C91BC942}") = "Glance.OfficeHost", "src\Glance.Components\Office\host\Glance.OfficeHost.vcxproj", "{D890E6BE-551D-498E-94EC-E219044D3B77}"
EndProject
Project("{8BC9CEB8-8B4A-11D0-8D11-00A0C91BC942}") = "Glance.OfficeComponent", "src\Glance.Components\Office\Glance.OfficeComponent.vcxproj", "{BAF38578-FCEE-4A32-9E30-F43780E7D3D6}"
EndProject
Project("{8BC9CEB8-8B4A-11D0-8D11-00A0C91BC942}") = "Glance.AdobeHost", "src\Glance.Components\Adobe\host\Glance.AdobeHost.vcxproj", "{5B6F95CC-5D25-4846-8A0F-C8D7D591A5EF}"
EndProject
Project("{8BC9CEB8-8B4A-11D0-8D11-00A0C91BC942}") = "Glance.AdobeComponent", "src\Glance.Components\Adobe\Glance.AdobeComponent.vcxproj", "{33D70EC0-D126-48A7-8D65-20BDDB796203}"
EndProject
Project("{8BC9CEB8-8B4A-11D0-8D11-00A0C91BC942}") = "Glance.RenderHost", "src\Glance.RenderHost\Glance.RenderHost.vcxproj", "{9C9F6ED2-C2C8-4EB2-BE90-A9696AA97F50}"
EndProject
Project("{8BC9CEB8-8B4A-11D0-8D11-00A0C91BC942}") = "Glance.Tests", "tests\Glance.Tests\Glance.Tests.vcxproj", "{4D728170-2954-4B84-BA44-626E290A361F}"
EndProject
Global
	GlobalSection(SolutionConfigurationPlatforms) = preSolution
		Debug|x64 = Debug|x64
		Release|x64 = Release|x64
	EndGlobalSection
	GlobalSection(ProjectConfigurationPlatforms) = postSolution
		{6640E098-67F4-45F8-9DBE-C71EF2FE6F22}.Debug|x64.ActiveCfg = Debug|x64
		{6640E098-67F4-45F8-9DBE-C71EF2FE6F22}.Debug|x64.Build.0 = Debug|x64
		{6640E098-67F4-45F8-9DBE-C71EF2FE6F22}.Release|x64.ActiveCfg = Release|x64
		{6640E098-67F4-45F8-9DBE-C71EF2FE6F22}.Release|x64.Build.0 = Release|x64
		{C983019A-36F7-4901-A188-1A3DB8BAEF8B}.Debug|x64.ActiveCfg = Debug|x64
		{C983019A-36F7-4901-A188-1A3DB8BAEF8B}.Debug|x64.Build.0 = Debug|x64
		{C983019A-36F7-4901-A188-1A3DB8BAEF8B}.Release|x64.ActiveCfg = Release|x64
		{C983019A-36F7-4901-A188-1A3DB8BAEF8B}.Release|x64.Build.0 = Release|x64
		{A4D28F61-59DA-45DA-B4F6-16C53B027E5C}.Debug|x64.ActiveCfg = Debug|x64
		{A4D28F61-59DA-45DA-B4F6-16C53B027E5C}.Debug|x64.Build.0 = Debug|x64
		{A4D28F61-59DA-45DA-B4F6-16C53B027E5C}.Release|x64.ActiveCfg = Release|x64
		{A4D28F61-59DA-45DA-B4F6-16C53B027E5C}.Release|x64.Build.0 = Release|x64
		{9307B84C-F25C-4D52-BE2D-19437EBADCD8}.Debug|x64.ActiveCfg = Debug|Win32
		{9307B84C-F25C-4D52-BE2D-19437EBADCD8}.Debug|x64.Build.0 = Debug|Win32
		{9307B84C-F25C-4D52-BE2D-19437EBADCD8}.Release|x64.ActiveCfg = Release|Win32
		{9307B84C-F25C-4D52-BE2D-19437EBADCD8}.Release|x64.Build.0 = Release|Win32
		{BCFDCDE8-47F0-4FD1-B120-A6D634EECE99}.Debug|x64.ActiveCfg = Debug|Win32
		{BCFDCDE8-47F0-4FD1-B120-A6D634EECE99}.Debug|x64.Build.0 = Debug|Win32
		{BCFDCDE8-47F0-4FD1-B120-A6D634EECE99}.Release|x64.ActiveCfg = Release|Win32
		{BCFDCDE8-47F0-4FD1-B120-A6D634EECE99}.Release|x64.Build.0 = Release|Win32
		{6BDE157B-E23C-40D5-9EB3-437C5D8FFA74}.Debug|x64.ActiveCfg = Debug|x64
		{6BDE157B-E23C-40D5-9EB3-437C5D8FFA74}.Debug|x64.Build.0 = Debug|x64
		{6BDE157B-E23C-40D5-9EB3-437C5D8FFA74}.Release|x64.ActiveCfg = Release|x64
		{6BDE157B-E23C-40D5-9EB3-437C5D8FFA74}.Release|x64.Build.0 = Release|x64
		{D890E6BE-551D-498E-94EC-E219044D3B77}.Debug|x64.ActiveCfg = Debug|x64
		{D890E6BE-551D-498E-94EC-E219044D3B77}.Debug|x64.Build.0 = Debug|x64
		{D890E6BE-551D-498E-94EC-E219044D3B77}.Release|x64.ActiveCfg = Release|x64
		{D890E6BE-551D-498E-94EC-E219044D3B77}.Release|x64.Build.0 = Release|x64
		{BAF38578-FCEE-4A32-9E30-F43780E7D3D6}.Debug|x64.ActiveCfg = Debug|x64
		{BAF38578-FCEE-4A32-9E30-F43780E7D3D6}.Debug|x64.Build.0 = Debug|x64
		{BAF38578-FCEE-4A32-9E30-F43780E7D3D6}.Release|x64.ActiveCfg = Release|x64
		{BAF38578-FCEE-4A32-9E30-F43780E7D3D6}.Release|x64.Build.0 = Release|x64
		{5B6F95CC-5D25-4846-8A0F-C8D7D591A5EF}.Debug|x64.ActiveCfg = Debug|x64
		{5B6F95CC-5D25-4846-8A0F-C8D7D591A5EF}.Debug|x64.Build.0 = Debug|x64
		{5B6F95CC-5D25-4846-8A0F-C8D7D591A5EF}.Release|x64.ActiveCfg = Release|x64
		{5B6F95CC-5D25-4846-8A0F-C8D7D591A5EF}.Release|x64.Build.0 = Release|x64
		{33D70EC0-D126-48A7-8D65-20BDDB796203}.Debug|x64.ActiveCfg = Debug|x64
		{33D70EC0-D126-48A7-8D65-20BDDB796203}.Debug|x64.Build.0 = Debug|x64
		{33D70EC0-D126-48A7-8D65-20BDDB796203}.Release|x64.ActiveCfg = Release|x64
		{33D70EC0-D126-48A7-8D65-20BDDB796203}.Release|x64.Build.0 = Release|x64
		{9C9F6ED2-C2C8-4EB2-BE90-A9696AA97F50}.Debug|x64.ActiveCfg = Debug|x64
		{9C9F6ED2-C2C8-4EB2-BE90-A9696AA97F50}.Debug|x64.Build.0 = Debug|x64
		{9C9F6ED2-C2C8-4EB2-BE90-A9696AA97F50}.Release|x64.ActiveCfg = Release|x64
		{9C9F6ED2-C2C8-4EB2-BE90-A9696AA97F50}.Release|x64.Build.0 = Release|x64
		{4D728170-2954-4B84-BA44-626E290A361F}.Debug|x64.ActiveCfg = Debug|x64
		{4D728170-2954-4B84-BA44-626E290A361F}.Debug|x64.Build.0 = Debug|x64
		{4D728170-2954-4B84-BA44-626E290A361F}.Release|x64.ActiveCfg = Release|x64
		{4D728170-2954-4B84-BA44-626E290A361F}.Release|x64.Build.0 = Release|x64
	EndGlobalSection
	GlobalSection(SolutionProperties) = preSolution
		HideSolutionNode = FALSE
	EndGlobalSection
EndGlobal
