Microsoft Visual Studio Solution File, Format Version 12.00
# Visual Studio Version 18
VisualStudioVersion = 18.0.11512.155
MinimumVisualStudioVersion = 10.0.40219.1
Project("{8BC9CEB8-8B4A-11D0-8D11-00A0C91BC942}") = "Glance.Contracts", "src\Glance.Contracts\Glance.Contracts.vcxproj", "{6640E098-67F4-45F8-9DBE-C71EF2FE6F22}"
EndProject
Project("{8BC9CEB8-8B4A-11D0-8D11-00A0C91BC942}") = "Glance.Core", "src\Glance.Core\Glance.Core.vcxproj", "{C983019A-36F7-4901-A188-1A3DB8BAEF8B}"
	ProjectSection(ProjectDependencies) = postProject
		{BCFDCDE8-47F0-4FD1-B120-A6D634EECE99} = {BCFDCDE8-47F0-4FD1-B120-A6D634EECE99}
	EndProjectSection
EndProject
Project("{8BC9CEB8-8B4A-11D0-8D11-00A0C91BC942}") = "Glance.DialogHook", "src\Glance.DialogHook\Glance.DialogHook.vcxproj", "{A4D28F61-59DA-45DA-B4F6-16C53B027E5C}"
EndProject
Project("{8BC9CEB8-8B4A-11D0-8D11-00A0C91BC942}") = "Glance.DialogHook32", "src\Glance.DialogHook\Glance.DialogHook32.vcxproj", "{9307B84C-F25C-4D52-BE2D-19437EBADCD8}"
EndProject
Project("{8BC9CEB8-8B4A-11D0-8D11-00A0C91BC942}") = "Glance.DialogBroker32", "src\Glance.DialogBroker32\Glance.DialogBroker32.vcxproj", "{BCFDCDE8-47F0-4FD1-B120-A6D634EECE99}"
	ProjectSection(ProjectDependencies) = postProject
		{9307B84C-F25C-4D52-BE2D-19437EBADCD8} = {9307B84C-F25C-4D52-BE2D-19437EBADCD8}
	EndProjectSection
EndProject
Project("{8BC9CEB8-8B4A-11D0-8D11-00A0C91BC942}") = "Glance.App", "src\Glance.App\Glance.App.vcxproj", "{6BDE157B-E23C-40D5-9EB3-437C5D8FFA74}"
EndProject
Project("{8BC9CEB8-8B4A-11D0-8D11-00A0C91BC942}") = "Glance.OfficeHost", "src\Glance.Components\Office\host\Glance.OfficeHost.vcxproj", "{D890E6BE-551D-498E-94EC-E219044D3B77}"
EndProject
Project("{8BC9CEB8-8B4A-11D0-8D11-00A0C91BC942}") = "Glance.OfficeComponent", "src\Glance.Components\Office\Glance.OfficeComponent.vcxproj", "{BAF38578-FCEE-4A32-9E30-F43780E7D3D6}"
EndProject
Project("{8BC9CEB8-8B4A-11D0-8D11-00A0C91BC942}") = "Glance.AdobeHost", "src\Glance.Components\Adobe\host\Glance.AdobeHost.vcxproj", "{5B6F95CC-5D25-4846-8A0F-C8D7D591A5EF}"
EndProject
Project("{8BC9CEB8-8B4A-11D0-8D11-00A0C91BC942}") = "Glance.AdobeComponent", "src\Glance.Components\Adobe\Glance.AdobeComponent.vcxproj", "{33D70EC0-D126-48A7-8D65-20BDDB796203}"
EndProject
Project("{8BC9CEB8-8B4A-11D0-8D11-00A0C91BC942}") = "Glance.Model3DComponent", "src\Glance.Components\Model3D\Glance.Model3DComponent.vcxproj", "{86B871A5-AE16-49D8-A9B0-C081735810F6}"
EndProject
Project("{8BC9CEB8-8B4A-11D0-8D11-00A0C91BC942}") = "Glance.PdfComponent", "src\Glance.Components\Pdf\Glance.PdfComponent.vcxproj", "{AF4DF012-D50C-4AF8-8AA0-F2653C559584}"
EndProject
Project("{8BC9CEB8-8B4A-11D0-8D11-00A0C91BC942}") = "Glance.PdfHost", "src\Glance.Components\Pdf\host\Glance.PdfHost.vcxproj", "{9C9F6ED2-C2C8-4EB2-BE90-A9696AA97F50}"
EndProject
Project("{8BC9CEB8-8B4A-11D0-8D11-00A0C91BC942}") = "Glance.ArchiveHost", "src\Glance.Components\Archive\host\Glance.ArchiveHost.vcxproj", "{AB7188B7-9F50-4495-BB4F-DF01D46F19C1}"
EndProject
Project("{8BC9CEB8-8B4A-11D0-8D11-00A0C91BC942}") = "Glance.ArchiveComponent", "src\Glance.Components\Archive\Glance.ArchiveComponent.vcxproj", "{0C879E02-6F15-42B4-906A-D44E46934A5B}"
EndProject
Project("{8BC9CEB8-8B4A-11D0-8D11-00A0C91BC942}") = "Glance.MediaInfoComponent", "src\Glance.Components\MediaInfo\Glance.MediaInfoComponent.vcxproj", "{6F0DDFA1-9026-4C08-92E4-0542706A9BB0}"
EndProject
Project("{8BC9CEB8-8B4A-11D0-8D11-00A0C91BC942}") = "Glance.EverythingSource", "src\Glance.Sources\Everything\Glance.EverythingSource.vcxproj", "{9F43B7E2-317D-4DC2-A739-18E2317B2541}"
EndProject
Project("{8BC9CEB8-8B4A-11D0-8D11-00A0C91BC942}") = "Glance.HeicComponent", "src\Glance.Components\Heic\Glance.HeicComponent.vcxproj", "{0374C314-4D18-4FB0-88B3-3D3E63AA550C}"
EndProject
Project("{8BC9CEB8-8B4A-11D0-8D11-00A0C91BC942}") = "Glance.HeicHost", "src\Glance.Components\Heic\host\Glance.HeicHost.vcxproj", "{8906C5F9-D2C4-427F-96F1-7089BB9D9660}"
EndProject
Project("{8BC9CEB8-8B4A-11D0-8D11-00A0C91BC942}") = "Glance.AvifComponent", "src\Glance.Components\Avif\Glance.AvifComponent.vcxproj", "{99FF1CCD-D8ED-4AD8-8F89-74133B90E5F3}"
EndProject
Project("{8BC9CEB8-8B4A-11D0-8D11-00A0C91BC942}") = "Glance.AvifHost", "src\Glance.Components\Avif\host\Glance.AvifHost.vcxproj", "{645BF330-BA0A-4016-9281-572B44DC1AE6}"
EndProject
Project("{8BC9CEB8-8B4A-11D0-8D11-00A0C91BC942}") = "Glance.RawComponent", "src\Glance.Components\Raw\Glance.RawComponent.vcxproj", "{1AFD9343-94AF-4066-B05F-121F1688FEB4}"
EndProject
Project("{8BC9CEB8-8B4A-11D0-8D11-00A0C91BC942}") = "Glance.RawHost", "src\Glance.Components\Raw\host\Glance.RawHost.vcxproj", "{3FA0B95E-E6D0-4707-8F0C-FB92D907685B}"
EndProject
Project("{8BC9CEB8-8B4A-11D0-8D11-00A0C91BC942}") = "Glance.Tests", "tests\Glance.Tests\Glance.Tests.vcxproj", "{4D728170-2954-4B84-BA44-626E290A361F}"
EndProject
Global
	GlobalSection(SolutionConfigurationPlatforms) = preSolution
		Debug|x64 = Debug|x64
		Release|x64 = Release|x64
	EndGlobalSection
	GlobalSection(ProjectConfigurationPlatforms) = postSolution
		{6640E098-67F4-45F8-9DBE-C71EF2FE6F22}.Debug|x64.ActiveCfg = Debug|x64
		{6640E098-67F4-45F8-9DBE-C71EF2FE6F22}.Debug|x64.Build.0 = Debug|x64
		{6640E098-67F4-45F8-9DBE-C71EF2FE6F22}.Release|x64.ActiveCfg = Release|x64
		{6640E098-67F4-45F8-9DBE-C71EF2FE6F22}.Release|x64.Build.0 = Release|x64
		{C983019A-36F7-4901-A188-1A3DB8BAEF8B}.Debug|x64.ActiveCfg = Debug|x64
		{C983019A-36F7-4901-A188-1A3DB8BAEF8B}.Debug|x64.Build.0 = Debug|x64
		{C983019A-36F7-4901-A188-1A3DB8BAEF8B}.Release|x64.ActiveCfg = Release|x64
		{C983019A-36F7-4901-A188-1A3DB8BAEF8B}.Release|x64.Build.0 = Release|x64
		{A4D28F61-59DA-45DA-B4F6-16C53B027E5C}.Debug|x64.ActiveCfg = Debug|x64
		{A4D28F61-59DA-45DA-B4F6-16C53B027E5C}.Debug|x64.Build.0 = Debug|x64
		{A4D28F61-59DA-45DA-B4F6-16C53B027E5C}.Release|x64.ActiveCfg = Release|x64
		{A4D28F61-59DA-45DA-B4F6-16C53B027E5C}.Release|x64.Build.0 = Release|x64
		{9307B84C-F25C-4D52-BE2D-19437EBADCD8}.Debug|x64.ActiveCfg = Debug|Win32
		{9307B84C-F25C-4D52-BE2D-19437EBADCD8}.Debug|x64.Build.0 = Debug|Win32
		{9307B84C-F25C-4D52-BE2D-19437EBADCD8}.Release|x64.ActiveCfg = Release|Win32
		{9307B84C-F25C-4D52-BE2D-19437EBADCD8}.Release|x64.Build.0 = Release|Win32
		{BCFDCDE8-47F0-4FD1-B120-A6D634EECE99}.Debug|x64.ActiveCfg = Debug|Win32
		{BCFDCDE8-47F0-4FD1-B120-A6D634EECE99}.Debug|x64.Build.0 = Debug|Win32
		{BCFDCDE8-47F0-4FD1-B120-A6D634EECE99}.Release|x64.ActiveCfg = Release|Win32
		{BCFDCDE8-47F0-4FD1-B120-A6D634EECE99}.Release|x64.Build.0 = Release|Win32
		{6BDE157B-E23C-40D5-9EB3-437C5D8FFA74}.Debug|x64.ActiveCfg = Debug|x64
		{6BDE157B-E23C-40D5-9EB3-437C5D8FFA74}.Debug|x64.Build.0 = Debug|x64
		{6BDE157B-E23C-40D5-9EB3-437C5D8FFA74}.Release|x64.ActiveCfg = Release|x64
		{6BDE157B-E23C-40D5-9EB3-437C5D8FFA74}.Release|x64.Build.0 = Release|x64
		{D890E6BE-551D-498E-94EC-E219044D3B77}.Debug|x64.ActiveCfg = Debug|x64
		{D890E6BE-551D-498E-94EC-E219044D3B77}.Debug|x64.Build.0 = Debug|x64
		{D890E6BE-551D-498E-94EC-E219044D3B77}.Release|x64.ActiveCfg = Release|x64
		{D890E6BE-551D-498E-94EC-E219044D3B77}.Release|x64.Build.0 = Release|x64
		{BAF38578-FCEE-4A32-9E30-F43780E7D3D6}.Debug|x64.ActiveCfg = Debug|x64
		{BAF38578-FCEE-4A32-9E30-F43780E7D3D6}.Debug|x64.Build.0 = Debug|x64
		{BAF38578-FCEE-4A32-9E30-F43780E7D3D6}.Release|x64.ActiveCfg = Release|x64
		{BAF38578-FCEE-4A32-9E30-F43780E7D3D6}.Release|x64.Build.0 = Release|x64
		{5B6F95CC-5D25-4846-8A0F-C8D7D591A5EF}.Debug|x64.ActiveCfg = Debug|x64
		{5B6F95CC-5D25-4846-8A0F-C8D7D591A5EF}.Debug|x64.Build.0 = Debug|x64
		{5B6F95CC-5D25-4846-8A0F-C8D7D591A5EF}.Release|x64.ActiveCfg = Release|x64
		{5B6F95CC-5D25-4846-8A0F-C8D7D591A5EF}.Release|x64.Build.0 = Release|x64
		{33D70EC0-D126-48A7-8D65-20BDDB796203}.Debug|x64.ActiveCfg = Debug|x64
		{33D70EC0-D126-48A7-8D65-20BDDB796203}.Debug|x64.Build.0 = Debug|x64
		{33D70EC0-D126-48A7-8D65-20BDDB796203}.Release|x64.ActiveCfg = Release|x64
		{33D70EC0-D126-48A7-8D65-20BDDB796203}.Release|x64.Build.0 = Release|x64
		{86B871A5-AE16-49D8-A9B0-C081735810F6}.Debug|x64.ActiveCfg = Debug|x64
		{86B871A5-AE16-49D8-A9B0-C081735810F6}.Debug|x64.Build.0 = Debug|x64
		{86B871A5-AE16-49D8-A9B0-C081735810F6}.Release|x64.ActiveCfg = Release|x64
		{86B871A5-AE16-49D8-A9B0-C081735810F6}.Release|x64.Build.0 = Release|x64
		{AF4DF012-D50C-4AF8-8AA0-F2653C559584}.Debug|x64.ActiveCfg = Debug|x64
		{AF4DF012-D50C-4AF8-8AA0-F2653C559584}.Debug|x64.Build.0 = Debug|x64
		{AF4DF012-D50C-4AF8-8AA0-F2653C559584}.Release|x64.ActiveCfg = Release|x64
		{AF4DF012-D50C-4AF8-8AA0-F2653C559584}.Release|x64.Build.0 = Release|x64
		{9C9F6ED2-C2C8-4EB2-BE90-A9696AA97F50}.Debug|x64.ActiveCfg = Debug|x64
		{9C9F6ED2-C2C8-4EB2-BE90-A9696AA97F50}.Debug|x64.Build.0 = Debug|x64
		{9C9F6ED2-C2C8-4EB2-BE90-A9696AA97F50}.Release|x64.ActiveCfg = Release|x64
		{9C9F6ED2-C2C8-4EB2-BE90-A9696AA97F50}.Release|x64.Build.0 = Release|x64
		{AB7188B7-9F50-4495-BB4F-DF01D46F19C1}.Debug|x64.ActiveCfg = Debug|x64
		{AB7188B7-9F50-4495-BB4F-DF01D46F19C1}.Debug|x64.Build.0 = Debug|x64
		{AB7188B7-9F50-4495-BB4F-DF01D46F19C1}.Release|x64.ActiveCfg = Release|x64
		{AB7188B7-9F50-4495-BB4F-DF01D46F19C1}.Release|x64.Build.0 = Release|x64
		{0C879E02-6F15-42B4-906A-D44E46934A5B}.Debug|x64.ActiveCfg = Debug|x64
		{0C879E02-6F15-42B4-906A-D44E46934A5B}.Debug|x64.Build.0 = Debug|x64
		{0C879E02-6F15-42B4-906A-D44E46934A5B}.Release|x64.ActiveCfg = Release|x64
		{0C879E02-6F15-42B4-906A-D44E46934A5B}.Release|x64.Build.0 = Release|x64
		{6F0DDFA1-9026-4C08-92E4-0542706A9BB0}.Debug|x64.ActiveCfg = Debug|x64
		{6F0DDFA1-9026-4C08-92E4-0542706A9BB0}.Debug|x64.Build.0 = Debug|x64
		{6F0DDFA1-9026-4C08-92E4-0542706A9BB0}.Release|x64.ActiveCfg = Release|x64
		{6F0DDFA1-9026-4C08-92E4-0542706A9BB0}.Release|x64.Build.0 = Release|x64
		{9F43B7E2-317D-4DC2-A739-18E2317B2541}.Debug|x64.ActiveCfg = Debug|x64
		{9F43B7E2-317D-4DC2-A739-18E2317B2541}.Debug|x64.Build.0 = Debug|x64
		{9F43B7E2-317D-4DC2-A739-18E2317B2541}.Release|x64.ActiveCfg = Release|x64
		{9F43B7E2-317D-4DC2-A739-18E2317B2541}.Release|x64.Build.0 = Release|x64
		{0374C314-4D18-4FB0-88B3-3D3E63AA550C}.Debug|x64.ActiveCfg = Debug|x64
		{0374C314-4D18-4FB0-88B3-3D3E63AA550C}.Debug|x64.Build.0 = Debug|x64
		{0374C314-4D18-4FB0-88B3-3D3E63AA550C}.Release|x64.ActiveCfg = Release|x64
		{0374C314-4D18-4FB0-88B3-3D3E63AA550C}.Release|x64.Build.0 = Release|x64
		{8906C5F9-D2C4-427F-96F1-7089BB9D9660}.Debug|x64.ActiveCfg = Debug|x64
		{8906C5F9-D2C4-427F-96F1-7089BB9D9660}.Debug|x64.Build.0 = Debug|x64
		{8906C5F9-D2C4-427F-96F1-7089BB9D9660}.Release|x64.ActiveCfg = Release|x64
		{8906C5F9-D2C4-427F-96F1-7089BB9D9660}.Release|x64.Build.0 = Release|x64
		{99FF1CCD-D8ED-4AD8-8F89-74133B90E5F3}.Debug|x64.ActiveCfg = Debug|x64
		{99FF1CCD-D8ED-4AD8-8F89-74133B90E5F3}.Debug|x64.Build.0 = Debug|x64
		{99FF1CCD-D8ED-4AD8-8F89-74133B90E5F3}.Release|x64.ActiveCfg = Release|x64
		{99FF1CCD-D8ED-4AD8-8F89-74133B90E5F3}.Release|x64.Build.0 = Release|x64
		{645BF330-BA0A-4016-9281-572B44DC1AE6}.Debug|x64.ActiveCfg = Debug|x64
		{645BF330-BA0A-4016-9281-572B44DC1AE6}.Debug|x64.Build.0 = Debug|x64
		{645BF330-BA0A-4016-9281-572B44DC1AE6}.Release|x64.ActiveCfg = Release|x64
		{645BF330-BA0A-4016-9281-572B44DC1AE6}.Release|x64.Build.0 = Release|x64
		{1AFD9343-94AF-4066-B05F-121F1688FEB4}.Debug|x64.ActiveCfg = Debug|x64
		{1AFD9343-94AF-4066-B05F-121F1688FEB4}.Debug|x64.Build.0 = Debug|x64
		{1AFD9343-94AF-4066-B05F-121F1688FEB4}.Release|x64.ActiveCfg = Release|x64
		{1AFD9343-94AF-4066-B05F-121F1688FEB4}.Release|x64.Build.0 = Release|x64
		{3FA0B95E-E6D0-4707-8F0C-FB92D907685B}.Debug|x64.ActiveCfg = Debug|x64
		{3FA0B95E-E6D0-4707-8F0C-FB92D907685B}.Debug|x64.Build.0 = Debug|x64
		{3FA0B95E-E6D0-4707-8F0C-FB92D907685B}.Release|x64.ActiveCfg = Release|x64
		{3FA0B95E-E6D0-4707-8F0C-FB92D907685B}.Release|x64.Build.0 = Release|x64
		{4D728170-2954-4B84-BA44-626E290A361F}.Debug|x64.ActiveCfg = Debug|x64
		{4D728170-2954-4B84-BA44-626E290A361F}.Debug|x64.Build.0 = Debug|x64
		{4D728170-2954-4B84-BA44-626E290A361F}.Release|x64.ActiveCfg = Release|x64
		{4D728170-2954-4B84-BA44-626E290A361F}.Release|x64.Build.0 = Release|x64
	EndGlobalSection
	GlobalSection(SolutionProperties) = preSolution
		HideSolutionNode = FALSE
	EndGlobalSection
EndGlobal
